// !$*UTF8*$!
{
	archiveVersion = 1;
	classes = {
	};
	objectVersion = 110;
	objects = {

/* Begin PBXBuildFile section */
		7B1E00000000000000000010 /* ThermoBarCore in Frameworks */ = {isa = PBXBuildFile; productRef = 7B1E00000000000000000012 /* ThermoBarCore */; };
/* End PBXBuildFile section */

/* Begin PBXContainerItemProxy section */
		7B1E00000000000000000013 /* PBXContainerItemProxy */ = {
			isa = PBXContainerItemProxy;
			containerPortal = 7B1E00000000000000000001 /* Project object */;
			proxyType = 1;
			remoteGlobalIDString = 7B1E00000000000000000008;
			remoteInfo = ThermoBar;
		};
/* End PBXContainerItemProxy section */

/* Begin PBXFileReference section */
		7B1E00000000000000000004 /* ThermoBar.app */ = {isa = PBXFileReference; explicitFileType = wrapper.application; includeInIndex = 0; path = ThermoBar.app; sourceTree = BUILT_PRODUCTS_DIR; };
		7B1E00000000000000000005 /* ThermoBarTests.xctest */ = {isa = PBXFileReference; explicitFileType = wrapper.cfbundle; includeInIndex = 0; path = ThermoBarTests.xctest; sourceTree = BUILT_PRODUCTS_DIR; };
/* End PBXFileReference section */

/* Begin PBXFileSystemSynchronizedRootGroup section */
		7B1E00000000000000000006 /* ThermoBar */ = {
			isa = PBXFileSystemSynchronizedRootGroup;
			path = ThermoBar;
			sourceTree = "<group>";
		};
		7B1E00000000000000000007 /* ThermoBarTests */ = {
			isa = PBXFileSystemSynchronizedRootGroup;
			path = ThermoBarTests;
			sourceTree = "<group>";
		};
/* End PBXFileSystemSynchronizedRootGroup section */

/* Begin PBXFrameworksBuildPhase section */
		7B1E0000000000000000000B /* Frameworks */ = {
			isa = PBXFrameworksBuildPhase;
			files = (
				7B1E00000000000000000010 /* ThermoBarCore in Frameworks */,
			);
		};
		7B1E0000000000000000000E /* Frameworks */ = {
			isa = PBXFrameworksBuildPhase;
			files = (
			);
		};
/* End PBXFrameworksBuildPhase section */

/* Begin PBXGroup section */
		7B1E00000000000000000002 = {
			isa = PBXGroup;
			children = (
				7B1E00000000000000000006 /* ThermoBar */,
				7B1E00000000000000000007 /* ThermoBarTests */,
				7B1E00000000000000000003 /* Products */,
			);
			sourceTree = "<group>";
		};
		7B1E00000000000000000003 /* Products */ = {
			isa = PBXGroup;
			children = (
				7B1E00000000000000000004 /* ThermoBar.app */,
				7B1E00000000000000000005 /* ThermoBarTests.xctest */,
			);
			name = Products;
			sourceTree = "<group>";
		};
/* End PBXGroup section */

/* Begin PBXNativeTarget section */
		7B1E00000000000000000008 /* ThermoBar */ = {
			isa = PBXNativeTarget;
			buildConfigurationList = 7B1E00000000000000000018 /* Build configuration list for PBXNativeTarget "ThermoBar" */;
			buildPhases = (
				7B1E0000000000000000000A /* Sources */,
				7B1E0000000000000000000B /* Frameworks */,
				7B1E0000000000000000000C /* Resources */,
			);
			buildRules = (
			);
			fileSystemSynchronizedGroups = (
				7B1E00000000000000000006 /* ThermoBar */,
			);
			name = ThermoBar;
			packageProductDependencies = (
				7B1E00000000000000000012 /* ThermoBarCore */,
			);
			productName = ThermoBar;
			productReference = 7B1E00000000000000000004 /* ThermoBar.app */;
			productType = "com.apple.product-type.application";
		};
		7B1E00000000000000000009 /* ThermoBarTests */ = {
			isa = PBXNativeTarget;
			buildConfigurationList = 7B1E0000000000000000001B /* Build configuration list for PBXNativeTarget "ThermoBarTests" */;
			buildPhases = (
				7B1E0000000000000000000D /* Sources */,
				7B1E0000000000000000000E /* Frameworks */,
				7B1E0000000000000000000F /* Resources */,
			);
			buildRules = (
			);
			dependencies = (
				7B1E00000000000000000014 /* PBXTargetDependency */,
			);
			fileSystemSynchronizedGroups = (
				7B1E00000000000000000007 /* ThermoBarTests */,
			);
			name = ThermoBarTests;
			productName = ThermoBarTests;
			productReference = 7B1E00000000000000000005 /* ThermoBarTests.xctest */;
			productType = "com.apple.product-type.bundle.unit-test";
		};
/* End PBXNativeTarget section */

/* Begin PBXProject section */
		7B1E00000000000000000001 /* Project object */ = {
			isa = PBXProject;
			attributes = {
				BuildIndependentTargetsInParallel = 1;
				LastSwiftUpdateCheck = 2700;
				LastUpgradeCheck = 2700;
				TargetAttributes = {
					7B1E00000000000000000008 = {
						CreatedOnToolsVersion = 27.0;
					};
					7B1E00000000000000000009 = {
						CreatedOnToolsVersion = 27.0;
						TestTargetID = 7B1E00000000000000000008;
					};
				};
			};
			buildConfigurationList = 7B1E00000000000000000015 /* Build configuration list for PBXProject "ThermoBar" */;
			developmentRegion = pl;
			hasScannedForEncodings = 0;
			knownRegions = (
				pl,
				en,
				Base,
			);
			mainGroup = 7B1E00000000000000000002;
			minimizedProjectReferenceProxies = 1;
			packageReferences = (
				7B1E00000000000000000011 /* XCLocalSwiftPackageReference "Packages/ThermoBarCore" */,
			);
			preferredProjectObjectVersion = 77;
			productRefGroup = 7B1E00000000000000000003 /* Products */;
			projectDirPath = "";
			projectRoot = "";
			targets = (
				7B1E00000000000000000008 /* ThermoBar */,
				7B1E00000000000000000009 /* ThermoBarTests */,
			);
		};
/* End PBXProject section */

/* Begin PBXResourcesBuildPhase section */
		7B1E0000000000000000000C /* Resources */ = {
			isa = PBXResourcesBuildPhase;
			files = (
			);
		};
		7B1E0000000000000000000F /* Resources */ = {
			isa = PBXResourcesBuildPhase;
			files = (
			);
		};
/* End PBXResourcesBuildPhase section */

/* Begin PBXSourcesBuildPhase section */
		7B1E0000000000000000000A /* Sources */ = {
			isa = PBXSourcesBuildPhase;
			files = (
			);
		};
		7B1E0000000000000000000D /* Sources */ = {
			isa = PBXSourcesBuildPhase;
			files = (
			);
		};
/* End PBXSourcesBuildPhase section */

/* Begin PBXTargetDependency section */
		7B1E00000000000000000014 /* PBXTargetDependency */ = {
			isa = PBXTargetDependency;
			target = 7B1E00000000000000000008 /* ThermoBar */;
			targetProxy = 7B1E00000000000000000013 /* PBXContainerItemProxy */;
		};
/* End PBXTargetDependency section */

/* Begin XCBuildConfiguration section */
		7B1E00000000000000000016 /* Debug configuration for PBXProject "ThermoBar" */ = {
			isa = XCBuildConfiguration;
			buildSettings = {
				ALWAYS_SEARCH_USER_PATHS = NO;
				CLANG_ANALYZER_NONNULL = YES;
				CLANG_ANALYZER_NUMBER_OBJECT_CONVERSION = YES_AGGRESSIVE;
				CLANG_CXX_LANGUAGE_STANDARD = "gnu++20";
				CLANG_ENABLE_MODULES = YES;
				CLANG_ENABLE_OBJC_ARC = YES;
				CLANG_ENABLE_OBJC_WEAK = YES;
				CLANG_WARN_BLOCK_CAPTURE_AUTORELEASING = YES;
				CLANG_WARN_BOOL_CONVERSION = YES;
				CLANG_WARN_COMMA = YES;
				CLANG_WARN_CONSTANT_CONVERSION = YES;
				CLANG_WARN_DEPRECATED_OBJC_IMPLEMENTATIONS = YES;
				CLANG_WARN_DIRECT_OBJC_ISA_USAGE = YES_ERROR;
				CLANG_WARN_DOCUMENTATION_COMMENTS = YES;
				CLANG_WARN_EMPTY_BODY = YES;
				CLANG_WARN_ENUM_CONVERSION = YES;
				CLANG_WARN_INFINITE_RECURSION = YES;
				CLANG_WARN_INT_CONVERSION = YES;
				CLANG_WARN_NON_LITERAL_NULL_CONVERSION = YES;
				CLANG_WARN_OBJC_IMPLICIT_RETAIN_SELF = YES;
				CLANG_WARN_OBJC_LITERAL_CONVERSION = YES;
				CLANG_WARN_OBJC_ROOT_CLASS = YES_ERROR;
				CLANG_WARN_QUOTED_INCLUDE_IN_FRAMEWORK_HEADER = YES;
				CLANG_WARN_RANGE_LOOP_ANALYSIS = YES;
				CLANG_WARN_STRICT_PROTOTYPES = YES;
				CLANG_WARN_SUSPICIOUS_MOVE = YES;
				CLANG_WARN_UNGUARDED_AVAILABILITY = YES_AGGRESSIVE;
				CLANG_WARN_UNREACHABLE_CODE = YES;
				CLANG_WARN__DUPLICATE_METHOD_MATCH = YES;
				COPY_PHASE_STRIP = NO;
				DEBUG_INFORMATION_FORMAT = dwarf;
				ENABLE_STRICT_OBJC_MSGSEND = YES;
				ENABLE_TESTABILITY = YES;
				ENABLE_USER_SCRIPT_SANDBOXING = YES;
				GCC_C_LANGUAGE_STANDARD = gnu17;
				GCC_DYNAMIC_NO_PIC = NO;
				GCC_NO_COMMON_BLOCKS = YES;
				GCC_OPTIMIZATION_LEVEL = 0;
				GCC_PREPROCESSOR_DEFINITIONS = (
					"DEBUG=1",
					"$(inherited)",
				);
				GCC_WARN_64_TO_32_BIT_CONVERSION = YES;
				GCC_WARN_ABOUT_RETURN_TYPE = YES_ERROR;
				GCC_WARN_UNDECLARED_SELECTOR = YES;
				GCC_WARN_UNINITIALIZED_AUTOS = YES_AGGRESSIVE;
				GCC_WARN_UNUSED_FUNCTION = YES;
				GCC_WARN_UNUSED_VARIABLE = YES;
				LOCALIZATION_PREFERS_STRING_CATALOGS = YES;
				MACOSX_DEPLOYMENT_TARGET = 27.0;
				ONLY_ACTIVE_ARCH = YES;
				SDKROOT = macosx;
				SUPPORTED_PLATFORMS = macosx;
				SWIFT_ACTIVE_COMPILATION_CONDITIONS = "DEBUG $(inherited)";
				SWIFT_OPTIMIZATION_LEVEL = "-Onone";
			};
			name = Debug;
		};
		7B1E00000000000000000017 /* Release configuration for PBXProject "ThermoBar" */ = {
			isa = XCBuildConfiguration;
			buildSettings = {
				ALWAYS_SEARCH_USER_PATHS = NO;
				CLANG_ANALYZER_NONNULL = YES;
				CLANG_ANALYZER_NUMBER_OBJECT_CONVERSION = YES_AGGRESSIVE;
				CLANG_CXX_LANGUAGE_STANDARD = "gnu++20";
				CLANG_ENABLE_MODULES = YES;
				CLANG_ENABLE_OBJC_ARC = YES;
				CLANG_ENABLE_OBJC_WEAK = YES;
				CLANG_WARN_BLOCK_CAPTURE_AUTORELEASING = YES;
				CLANG_WARN_BOOL_CONVERSION = YES;
				CLANG_WARN_COMMA = YES;
				CLANG_WARN_CONSTANT_CONVERSION = YES;
				CLANG_WARN_DEPRECATED_OBJC_IMPLEMENTATIONS = YES;
				CLANG_WARN_DIRECT_OBJC_ISA_USAGE = YES_ERROR;
				CLANG_WARN_DOCUMENTATION_COMMENTS = YES;
				CLANG_WARN_EMPTY_BODY = YES;
				CLANG_WARN_ENUM_CONVERSION = YES;
				CLANG_WARN_INFINITE_RECURSION = YES;
				CLANG_WARN_INT_CONVERSION = YES;
				CLANG_WARN_NON_LITERAL_NULL_CONVERSION = YES;
				CLANG_WARN_OBJC_IMPLICIT_RETAIN_SELF = YES;
				CLANG_WARN_OBJC_LITERAL_CONVERSION = YES;
				CLANG_WARN_OBJC_ROOT_CLASS = YES_ERROR;
				CLANG_WARN_QUOTED_INCLUDE_IN_FRAMEWORK_HEADER = YES;
				CLANG_WARN_RANGE_LOOP_ANALYSIS = YES;
				CLANG_WARN_STRICT_PROTOTYPES = YES;
				CLANG_WARN_SUSPICIOUS_MOVE = YES;
				CLANG_WARN_UNGUARDED_AVAILABILITY = YES_AGGRESSIVE;
				CLANG_WARN_UNREACHABLE_CODE = YES;
				CLANG_WARN__DUPLICATE_METHOD_MATCH = YES;
				COPY_PHASE_STRIP = NO;
				DEBUG_INFORMATION_FORMAT = "dwarf-with-dsym";
				ENABLE_NS_ASSERTIONS = NO;
				ENABLE_STRICT_OBJC_MSGSEND = YES;
				ENABLE_USER_SCRIPT_SANDBOXING = YES;
				GCC_C_LANGUAGE_STANDARD = gnu17;
				GCC_NO_COMMON_BLOCKS = YES;
				GCC_WARN_64_TO_32_BIT_CONVERSION = YES;
				GCC_WARN_ABOUT_RETURN_TYPE = YES_ERROR;
				GCC_WARN_UNDECLARED_SELECTOR = YES;
				GCC_WARN_UNINITIALIZED_AUTOS = YES_AGGRESSIVE;
				GCC_WARN_UNUSED_FUNCTION = YES;
				GCC_WARN_UNUSED_VARIABLE = YES;
				LOCALIZATION_PREFERS_STRING_CATALOGS = YES;
				MACOSX_DEPLOYMENT_TARGET = 27.0;
				SDKROOT = macosx;
				SUPPORTED_PLATFORMS = macosx;
				SWIFT_COMPILATION_MODE = wholemodule;
			};
			name = Release;
		};
		7B1E00000000000000000019 /* Debug configuration for PBXNativeTarget "ThermoBar" */ = {
			isa = XCBuildConfiguration;
			buildSettings = {
				CODE_SIGN_IDENTITY = "-";
				CODE_SIGN_STYLE = Automatic;
				COMBINE_HIDPI_IMAGES = YES;
				CURRENT_PROJECT_VERSION = 1;
				DEVELOPMENT_TEAM = "";
				ENABLE_HARDENED_RUNTIME = YES;
				ENABLE_PREVIEWS = YES;
				GENERATE_INFOPLIST_FILE = YES;
				INFOPLIST_KEY_CFBundleDisplayName = ThermoBar;
				INFOPLIST_KEY_LSApplicationCategoryType = "public.app-category.utilities";
				INFOPLIST_KEY_LSUIElement = YES;
				INFOPLIST_KEY_NSPrincipalClass = NSApplication;
				LD_RUNPATH_SEARCH_PATHS = (
					"$(inherited)",
					"@executable_path/../Frameworks",
				);
				MARKETING_VERSION = 0.1.0;
				PRODUCT_BUNDLE_IDENTIFIER = pl.glasek.ThermoBar;
				PRODUCT_NAME = "$(TARGET_NAME)";
				SWIFT_EMIT_LOC_STRINGS = YES;
				SWIFT_VERSION = 6.0;
			};
			name = Debug;
		};
		7B1E0000000000000000001A /* Release configuration for PBXNativeTarget "ThermoBar" */ = {
			isa = XCBuildConfiguration;
			buildSettings = {
				CODE_SIGN_IDENTITY = "-";
				CODE_SIGN_INJECT_BASE_ENTITLEMENTS = NO;
				CODE_SIGN_STYLE = Automatic;
				COMBINE_HIDPI_IMAGES = YES;
				CURRENT_PROJECT_VERSION = 1;
				DEVELOPMENT_TEAM = "";
				ENABLE_HARDENED_RUNTIME = YES;
				ENABLE_PREVIEWS = YES;
				GENERATE_INFOPLIST_FILE = YES;
				INFOPLIST_KEY_CFBundleDisplayName = ThermoBar;
				INFOPLIST_KEY_LSApplicationCategoryType = "public.app-category.utilities";
				INFOPLIST_KEY_LSUIElement = YES;
				INFOPLIST_KEY_NSPrincipalClass = NSApplication;
				LD_RUNPATH_SEARCH_PATHS = (
					"$(inherited)",
					"@executable_path/../Frameworks",
				);
				MARKETING_VERSION = 0.1.0;
				PRODUCT_BUNDLE_IDENTIFIER = pl.glasek.ThermoBar;
				PRODUCT_NAME = "$(TARGET_NAME)";
				SWIFT_EMIT_LOC_STRINGS = YES;
				SWIFT_VERSION = 6.0;
			};
			name = Release;
		};
		7B1E0000000000000000001C /* Debug configuration for PBXNativeTarget "ThermoBarTests" */ = {
			isa = XCBuildConfiguration;
			buildSettings = {
				BUNDLE_LOADER = "$(TEST_HOST)";
				CODE_SIGN_IDENTITY = "-";
				CODE_SIGN_STYLE = Automatic;
				CURRENT_PROJECT_VERSION = 1;
				DEVELOPMENT_TEAM = "";
				GENERATE_INFOPLIST_FILE = YES;
				MARKETING_VERSION = 0.1.0;
				PRODUCT_BUNDLE_IDENTIFIER = pl.glasek.ThermoBarTests;
				PRODUCT_NAME = "$(TARGET_NAME)";
				SWIFT_EMIT_LOC_STRINGS = NO;
				SWIFT_VERSION = 6.0;
				TEST_HOST = "$(BUILT_PRODUCTS_DIR)/ThermoBar.app/$(BUNDLE_EXECUTABLE_FOLDER_PATH)/ThermoBar";
			};
			name = Debug;
		};
		7B1E0000000000000000001D /* Release configuration for PBXNativeTarget "ThermoBarTests" */ = {
			isa = XCBuildConfiguration;
			buildSettings = {
				BUNDLE_LOADER = "$(TEST_HOST)";
				CODE_SIGN_IDENTITY = "-";
				CODE_SIGN_STYLE = Automatic;
				CURRENT_PROJECT_VERSION = 1;
				DEVELOPMENT_TEAM = "";
				GENERATE_INFOPLIST_FILE = YES;
				MARKETING_VERSION = 0.1.0;
				PRODUCT_BUNDLE_IDENTIFIER = pl.glasek.ThermoBarTests;
				PRODUCT_NAME = "$(TARGET_NAME)";
				SWIFT_EMIT_LOC_STRINGS = NO;
				SWIFT_VERSION = 6.0;
				TEST_HOST = "$(BUILT_PRODUCTS_DIR)/ThermoBar.app/$(BUNDLE_EXECUTABLE_FOLDER_PATH)/ThermoBar";
			};
			name = Release;
		};
/* End XCBuildConfiguration section */

/* Begin XCConfigurationList section */
		7B1E00000000000000000015 /* Build configuration list for PBXProject "ThermoBar" */ = {
			isa = XCConfigurationList;
			buildConfigurations = (
				7B1E00000000000000000016 /* Debug configuration for PBXProject "ThermoBar" */,
				7B1E00000000000000000017 /* Release configuration for PBXProject "ThermoBar" */,
			);
			defaultConfigurationName = Release;
		};
		7B1E00000000000000000018 /* Build configuration list for PBXNativeTarget "ThermoBar" */ = {
			isa = XCConfigurationList;
			buildConfigurations = (
				7B1E00000000000000000019 /* Debug configuration for PBXNativeTarget "ThermoBar" */,
				7B1E0000000000000000001A /* Release configuration for PBXNativeTarget "ThermoBar" */,
			);
			defaultConfigurationName = Release;
		};
		7B1E0000000000000000001B /* Build configuration list for PBXNativeTarget "ThermoBarTests" */ = {
			isa = XCConfigurationList;
			buildConfigurations = (
				7B1E0000000000000000001C /* Debug configuration for PBXNativeTarget "ThermoBarTests" */,
				7B1E0000000000000000001D /* Release configuration for PBXNativeTarget "ThermoBarTests" */,
			);
			defaultConfigurationName = Release;
		};
/* End XCConfigurationList section */

/* Begin XCLocalSwiftPackageReference section */
		7B1E00000000000000000011 /* XCLocalSwiftPackageReference "Packages/ThermoBarCore" */ = {
			isa = XCLocalSwiftPackageReference;
			relativePath = Packages/ThermoBarCore;
		};
/* End XCLocalSwiftPackageReference section */

/* Begin XCSwiftPackageProductDependency section */
		7B1E00000000000000000012 /* ThermoBarCore */ = {
			isa = XCSwiftPackageProductDependency;
			productName = ThermoBarCore;
		};
/* End XCSwiftPackageProductDependency section */
	};
	rootObject = 7B1E00000000000000000001 /* Project object */;
	validationLevel = 1;
}
